
Microsoft Visual Studio Solution File, Format Version 12.00
# Visual Studio 15
VisualStudioVersion = 15.0.26730.16
MinimumVisualStudioVersion = 10.0.40219.1
Project("{FAE04EC0-301F-11D3-BF4B-00C04F79EFBC}") = "MyFramework", "MyFramework\MyFramework.csproj", "{420DE9A3-A76A-4864-84FD-3DBDD4BFD966}"
EndProject
Project("{FAE04EC0-301F-11D3-BF4B-00C04F79EFBC}") = "Tests", "Tests\Tests.csproj", "{41A71E43-4C25-4D61-BA1A-120077E6D881}"
EndProject
Global
	GlobalSection(SolutionConfigurationPlatforms) = preSolution
		Debug|Any CPU = Debug|Any CPU
		Release|Any CPU = Release|Any CPU
	EndGlobalSection
	GlobalSection(ProjectConfigurationPlatforms) = postSolution
		{420DE9A3-A76A-4864-84FD-3DBDD4BFD966}.Debug|Any CPU.ActiveCfg = Debug|Any CPU
		{420DE9A3-A76A-4864-84FD-3DBDD4BFD966}.Debug|Any CPU.Build.0 = Debug|Any CPU
		{420DE9A3-A76A-4864-84FD-3DBDD4BFD966}.Release|Any CPU.ActiveCfg = Release|Any CPU
		{420DE9A3-A76A-4864-84FD-3DBDD4BFD966}.Release|Any CPU.Build.0 = Release|Any CPU
		{41A71E43-4C25-4D61-BA1A-120077E6D881}.Debug|Any CPU.ActiveCfg = Debug|Any CPU
		{41A71E43-4C25-4D61-BA1A-120077E6D881}.Debug|Any CPU.Build.0 = Debug|Any CPU
		{41A71E43-4C25-4D61-BA1A-120077E6D881}.Release|Any CPU.ActiveCfg = Release|Any CPU
		{41A71E43-4C25-4D61-BA1A-120077E6D881}.Release|Any CPU.Build.0 = Release|Any CPU
	EndGlobalSection
	GlobalSection(SolutionProperties) = preSolution
		HideSolutionNode = FALSE
	EndGlobalSection
	GlobalSection(ExtensibilityGlobals) = postSolution
		SolutionGuid = {B0796418-73B4-48FC-B88E-6F7E8D593764}
	EndGlobalSection
EndGlobal
